
Microsoft Visual Studio Solution File, Format Version 12.00
# Visual Studio Version 17
VisualStudioVersion = 17.14.36414.22
MinimumVisualStudioVersion = 10.0.40219.1
Project("{FAE04EC0-301F-11D3-BF4B-00C04F79EFBC}") = "SecilStoreCodeCase", "SecilStoreCodeCase.csproj", "{9BA81E7B-339F-4604-93EB-4E6240F24750}"
EndProject
Project("{FAE04EC0-301F-11D3-BF4B-00C04F79EFBC}") = "SecilStoreConfigWeb", "..\SecilStoreConfigWeb\SecilStoreConfigWeb.csproj", "{BA7C13F7-771A-499D-86EE-4C3693AB760A}"
EndProject
Project("{FAE04EC0-301F-11D3-BF4B-00C04F79EFBC}") = "SecilStoreCodeCase.Tests", "..\SecilStoreCodeCase.Tests\SecilStoreCodeCase.Tests.csproj", "{F797704F-C505-4714-A199-46F08B0933B1}"
EndProject
Global
	GlobalSection(SolutionConfigurationPlatforms) = preSolution
		Debug|Any CPU = Debug|Any CPU
		Release|Any CPU = Release|Any CPU
	EndGlobalSection
	GlobalSection(ProjectConfigurationPlatforms) = postSolution
		{9BA81E7B-339F-4604-93EB-4E6240F24750}.Debug|Any CPU.ActiveCfg = Debug|Any CPU
		{9BA81E7B-339F-4604-93EB-4E6240F24750}.Debug|Any CPU.Build.0 = Debug|Any CPU
		{9BA81E7B-339F-4604-93EB-4E6240F24750}.Release|Any CPU.ActiveCfg = Release|Any CPU
		{9BA81E7B-339F-4604-93EB-4E6240F24750}.Release|Any CPU.Build.0 = Release|Any CPU
		{BA7C13F7-771A-499D-86EE-4C3693AB760A}.Debug|Any CPU.ActiveCfg = Debug|Any CPU
		{BA7C13F7-771A-499D-86EE-4C3693AB760A}.Debug|Any CPU.Build.0 = Debug|Any CPU
		{BA7C13F7-771A-499D-86EE-4C3693AB760A}.Release|Any CPU.ActiveCfg = Release|Any CPU
		{BA7C13F7-771A-499D-86EE-4C3693AB760A}.Release|Any CPU.Build.0 = Release|Any CPU
		{F797704F-C505-4714-A199-46F08B0933B1}.Debug|Any CPU.ActiveCfg = Debug|Any CPU
		{F797704F-C505-4714-A199-46F08B0933B1}.Debug|Any CPU.Build.0 = Debug|Any CPU
		{F797704F-C505-4714-A199-46F08B0933B1}.Release|Any CPU.ActiveCfg = Release|Any CPU
		{F797704F-C505-4714-A199-46F08B0933B1}.Release|Any CPU.Build.0 = Release|Any CPU
	EndGlobalSection
	GlobalSection(SolutionProperties) = preSolution
		HideSolutionNode = FALSE
	EndGlobalSection
	GlobalSection(ExtensibilityGlobals) = postSolution
		SolutionGuid = {5C8CE62F-2B14-4B45-AC95-BD02A099185F}
	EndGlobalSection
EndGlobal
